// !$*UTF8*$!
{
	archiveVersion = 1;
	classes = {
	};
	objectVersion = 46;
	objects = {

/* Begin PBXBuildFile section */
		493744B71DB1E6D300E49E4E /* WCYAppDelegate.m in Sources */ = {isa = PBXBuildFile; fileRef = 4937449F1DB1E6D300E49E4E /* WCYAppDelegate.m */; };
		493744B81DB1E6D300E49E4E /* WCYBaseViewController.m in Sources */ = {isa = PBXBuildFile; fileRef = 493744A41DB1E6D300E49E4E /* WCYBaseViewController.m */; };
		493744B91DB1E6D300E49E4E /* WCYHomeTabBarController.m in Sources */ = {isa = PBXBuildFile; fileRef = 493744A61DB1E6D300E49E4E /* WCYHomeTabBarController.m */; };
		493744BA1DB1E6D300E49E4E /* WCYNavigationController.m in Sources */ = {isa = PBXBuildFile; fileRef = 493744A81DB1E6D300E49E4E /* WCYNavigationController.m */; };
		493744BB1DB1E6D300E49E4E /* Assets.xcassets in Resources */ = {isa = PBXBuildFile; fileRef = 493744B11DB1E6D300E49E4E /* Assets.xcassets */; };
		493744BC1DB1E6D300E49E4E /* LaunchScreen.storyboard in Resources */ = {isa = PBXBuildFile; fileRef = 493744B21DB1E6D300E49E4E /* LaunchScreen.storyboard */; };
		493744BD1DB1E6D300E49E4E /* main.m in Sources */ = {isa = PBXBuildFile; fileRef = 493744B51DB1E6D300E49E4E /* main.m */; };
		493744BE1DB1E6D300E49E4E /* WCYInfo.plist in Resources */ = {isa = PBXBuildFile; fileRef = 493744B61DB1E6D300E49E4E /* WCYInfo.plist */; };
		493744C01DB1E6DE00E49E4E /* Default-568h@2x.png in Resources */ = {isa = PBXBuildFile; fileRef = 493744BF1DB1E6DE00E49E4E /* Default-568h@2x.png */; };
/* End PBXBuildFile section */

/* Begin PBXFileReference section */
		493744141DB1C1F700E49E4E /* 微重邮.app */ = {isa = PBXFileReference; explicitFileType = wrapper.application; includeInIndex = 0; path = "微重邮.app"; sourceTree = BUILT_PRODUCTS_DIR; };
		4937449E1DB1E6D300E49E4E /* WCYAppDelegate.h */ = {isa = PBXFileReference; fileEncoding = 4; lastKnownFileType = sourcecode.c.h; path = WCYAppDelegate.h; sourceTree = "<group>"; };
		4937449F1DB1E6D300E49E4E /* WCYAppDelegate.m */ = {isa = PBXFileReference; fileEncoding = 4; lastKnownFileType = sourcecode.c.objc; path = WCYAppDelegate.m; sourceTree = "<group>"; };
		493744A31DB1E6D300E49E4E /* WCYBaseViewController.h */ = {isa = PBXFileReference; fileEncoding = 4; lastKnownFileType = sourcecode.c.h; path = WCYBaseViewController.h; sourceTree = "<group>"; };
		493744A41DB1E6D300E49E4E /* WCYBaseViewController.m */ = {isa = PBXFileReference; fileEncoding = 4; lastKnownFileType = sourcecode.c.objc; path = WCYBaseViewController.m; sourceTree = "<group>"; };
		493744A51DB1E6D300E49E4E /* WCYHomeTabBarController.h */ = {isa = PBXFileReference; fileEncoding = 4; lastKnownFileType = sourcecode.c.h; path = WCYHomeTabBarController.h; sourceTree = "<group>"; };
		493744A61DB1E6D300E49E4E /* WCYHomeTabBarController.m */ = {isa = PBXFileReference; fileEncoding = 4; lastKnownFileType = sourcecode.c.objc; path = WCYHomeTabBarController.m; sourceTree = "<group>"; };
		493744A71DB1E6D300E49E4E /* WCYNavigationController.h */ = {isa = PBXFileReference; fileEncoding = 4; lastKnownFileType = sourcecode.c.h; path = WCYNavigationController.h; sourceTree = "<group>"; };
		493744A81DB1E6D300E49E4E /* WCYNavigationController.m */ = {isa = PBXFileReference; fileEncoding = 4; lastKnownFileType = sourcecode.c.objc; path = WCYNavigationController.m; sourceTree = "<group>"; };
		493744B11DB1E6D300E49E4E /* Assets.xcassets */ = {isa = PBXFileReference; lastKnownFileType = folder.assetcatalog; path = Assets.xcassets; sourceTree = "<group>"; };
		493744B31DB1E6D300E49E4E /* Base */ = {isa = PBXFileReference; lastKnownFileType = file.storyboard; name = Base; path = Base.lproj/LaunchScreen.storyboard; sourceTree = "<group>"; };
		493744B51DB1E6D300E49E4E /* main.m */ = {isa = PBXFileReference; fileEncoding = 4; lastKnownFileType = sourcecode.c.objc; path = main.m; sourceTree = "<group>"; };
		493744B61DB1E6D300E49E4E /* WCYInfo.plist */ = {isa = PBXFileReference; fileEncoding = 4; lastKnownFileType = text.plist.xml; path = WCYInfo.plist; sourceTree = "<group>"; };
		493744BF1DB1E6DE00E49E4E /* Default-568h@2x.png */ = {isa = PBXFileReference; lastKnownFileType = image.png; path = "Default-568h@2x.png"; sourceTree = "<group>"; };
/* End PBXFileReference section */

/* Begin PBXFrameworksBuildPhase section */
		493744111DB1C1F700E49E4E /* Frameworks */ = {
			isa = PBXFrameworksBuildPhase;
			buildActionMask = 2147483647;
			files = (
			);
			runOnlyForDeploymentPostprocessing = 0;
		};
/* End PBXFrameworksBuildPhase section */

/* Begin PBXGroup section */
		4937440B1DB1C1F700E49E4E = {
			isa = PBXGroup;
			children = (
				493744BF1DB1E6DE00E49E4E /* Default-568h@2x.png */,
				4937449B1DB1E6D300E49E4E /* 微重邮 */,
				493744151DB1C1F700E49E4E /* Products */,
			);
			sourceTree = "<group>";
		};
		493744151DB1C1F700E49E4E /* Products */ = {
			isa = PBXGroup;
			children = (
				493744141DB1C1F700E49E4E /* 微重邮.app */,
			);
			name = Products;
			sourceTree = "<group>";
		};
		4937449B1DB1E6D300E49E4E /* 微重邮 */ = {
			isa = PBXGroup;
			children = (
				4937449C1DB1E6D300E49E4E /* Classes */,
				493744AF1DB1E6D300E49E4E /* Libraries */,
				493744B01DB1E6D300E49E4E /* Resources */,
				493744B41DB1E6D300E49E4E /* SupportingFiles */,
			);
			path = "微重邮";
			sourceTree = "<group>";
		};
		4937449C1DB1E6D300E49E4E /* Classes */ = {
			isa = PBXGroup;
			children = (
				4937449D1DB1E6D300E49E4E /* Application */,
				493744A01DB1E6D300E49E4E /* BuinessMgr */,
				493744A11DB1E6D300E49E4E /* Controllers */,
				493744A91DB1E6D300E49E4E /* Models */,
				493744AA1DB1E6D300E49E4E /* Network */,
				493744AB1DB1E6D300E49E4E /* Support */,
				493744AC1DB1E6D300E49E4E /* Views */,
			);
			path = Classes;
			sourceTree = "<group>";
		};
		4937449D1DB1E6D300E49E4E /* Application */ = {
			isa = PBXGroup;
			children = (
				4937449E1DB1E6D300E49E4E /* WCYAppDelegate.h */,
				4937449F1DB1E6D300E49E4E /* WCYAppDelegate.m */,
			);
			path = Application;
			sourceTree = "<group>";
		};
		493744A01DB1E6D300E49E4E /* BuinessMgr */ = {
			isa = PBXGroup;
			children = (
			);
			path = BuinessMgr;
			sourceTree = "<group>";
		};
		493744A11DB1E6D300E49E4E /* Controllers */ = {
			isa = PBXGroup;
			children = (
				493744A21DB1E6D300E49E4E /* Base */,
			);
			path = Controllers;
			sourceTree = "<group>";
		};
		493744A21DB1E6D300E49E4E /* Base */ = {
			isa = PBXGroup;
			children = (
				493744A31DB1E6D300E49E4E /* WCYBaseViewController.h */,
				493744A41DB1E6D300E49E4E /* WCYBaseViewController.m */,
				493744A51DB1E6D300E49E4E /* WCYHomeTabBarController.h */,
				493744A61DB1E6D300E49E4E /* WCYHomeTabBarController.m */,
				493744A71DB1E6D300E49E4E /* WCYNavigationController.h */,
				493744A81DB1E6D300E49E4E /* WCYNavigationController.m */,
			);
			path = Base;
			sourceTree = "<group>";
		};
		493744A91DB1E6D300E49E4E /* Models */ = {
			isa = PBXGroup;
			children = (
			);
			path = Models;
			sourceTree = "<group>";
		};
		493744AA1DB1E6D300E49E4E /* Network */ = {
			isa = PBXGroup;
			children = (
			);
			path = Network;
			sourceTree = "<group>";
		};
		493744AB1DB1E6D300E49E4E /* Support */ = {
			isa = PBXGroup;
			children = (
			);
			path = Support;
			sourceTree = "<group>";
		};
		493744AC1DB1E6D300E49E4E /* Views */ = {
			isa = PBXGroup;
			children = (
				493744AD1DB1E6D300E49E4E /* CustomCells */,
				493744AE1DB1E6D300E49E4E /* CustomViews */,
			);
			path = Views;
			sourceTree = "<group>";
		};
		493744AD1DB1E6D300E49E4E /* CustomCells */ = {
			isa = PBXGroup;
			children = (
			);
			path = CustomCells;
			sourceTree = "<group>";
		};
		493744AE1DB1E6D300E49E4E /* CustomViews */ = {
			isa = PBXGroup;
			children = (
			);
			path = CustomViews;
			sourceTree = "<group>";
		};
		493744AF1DB1E6D300E49E4E /* Libraries */ = {
			isa = PBXGroup;
			children = (
			);
			path = Libraries;
			sourceTree = "<group>";
		};
		493744B01DB1E6D300E49E4E /* Resources */ = {
			isa = PBXGroup;
			children = (
				493744B11DB1E6D300E49E4E /* Assets.xcassets */,
				493744B21DB1E6D300E49E4E /* LaunchScreen.storyboard */,
			);
			path = Resources;
			sourceTree = "<group>";
		};
		493744B41DB1E6D300E49E4E /* SupportingFiles */ = {
			isa = PBXGroup;
			children = (
				493744B51DB1E6D300E49E4E /* main.m */,
				493744B61DB1E6D300E49E4E /* WCYInfo.plist */,
			);
			path = SupportingFiles;
			sourceTree = "<group>";
		};
/* End PBXGroup section */

/* Begin PBXNativeTarget section */
		493744131DB1C1F700E49E4E /* 微重邮 */ = {
			isa = PBXNativeTarget;
			buildConfigurationList = 4937442B1DB1C1F700E49E4E /* Build configuration list for PBXNativeTarget "微重邮" */;
			buildPhases = (
				493744101DB1C1F700E49E4E /* Sources */,
				493744111DB1C1F700E49E4E /* Frameworks */,
				493744121DB1C1F700E49E4E /* Resources */,
			);
			buildRules = (
			);
			dependencies = (
			);
			name = "微重邮";
			productName = "微重邮";
			productReference = 493744141DB1C1F700E49E4E /* 微重邮.app */;
			productType = "com.apple.product-type.application";
		};
/* End PBXNativeTarget section */

/* Begin PBXProject section */
		4937440C1DB1C1F700E49E4E /* Project object */ = {
			isa = PBXProject;
			attributes = {
				LastUpgradeCheck = 0800;
				ORGANIZATIONNAME = "周维康";
				TargetAttributes = {
					493744131DB1C1F700E49E4E = {
						CreatedOnToolsVersion = 8.0;
						DevelopmentTeam = YLLJA83YGF;
						ProvisioningStyle = Automatic;
					};
				};
			};
			buildConfigurationList = 4937440F1DB1C1F700E49E4E /* Build configuration list for PBXProject "微重邮" */;
			compatibilityVersion = "Xcode 3.2";
			developmentRegion = English;
			hasScannedForEncodings = 0;
			knownRegions = (
				en,
				Base,
			);
			mainGroup = 4937440B1DB1C1F700E49E4E;
			productRefGroup = 493744151DB1C1F700E49E4E /* Products */;
			projectDirPath = "";
			projectRoot = "";
			targets = (
				493744131DB1C1F700E49E4E /* 微重邮 */,
			);
		};
/* End PBXProject section */

/* Begin PBXResourcesBuildPhase section */
		493744121DB1C1F700E49E4E /* Resources */ = {
			isa = PBXResourcesBuildPhase;
			buildActionMask = 2147483647;
			files = (
				493744BB1DB1E6D300E49E4E /* Assets.xcassets in Resources */,
				493744C01DB1E6DE00E49E4E /* Default-568h@2x.png in Resources */,
				493744BC1DB1E6D300E49E4E /* LaunchScreen.storyboard in Resources */,
				493744BE1DB1E6D300E49E4E /* WCYInfo.plist in Resources */,
			);
			runOnlyForDeploymentPostprocessing = 0;
		};
/* End PBXResourcesBuildPhase section */

/* Begin PBXSourcesBuildPhase section */
		493744101DB1C1F700E49E4E /* Sources */ = {
			isa = PBXSourcesBuildPhase;
			buildActionMask = 2147483647;
			files = (
				493744BD1DB1E6D300E49E4E /* main.m in Sources */,
				493744B71DB1E6D300E49E4E /* WCYAppDelegate.m in Sources */,
				493744B81DB1E6D300E49E4E /* WCYBaseViewController.m in Sources */,
				493744B91DB1E6D300E49E4E /* WCYHomeTabBarController.m in Sources */,
				493744BA1DB1E6D300E49E4E /* WCYNavigationController.m in Sources */,
			);
			runOnlyForDeploymentPostprocessing = 0;
		};
/* End PBXSourcesBuildPhase section */

/* Begin PBXVariantGroup section */
		493744B21DB1E6D300E49E4E /* LaunchScreen.storyboard */ = {
			isa = PBXVariantGroup;
			children = (
				493744B31DB1E6D300E49E4E /* Base */,
			);
			name = LaunchScreen.storyboard;
			sourceTree = "<group>";
		};
/* End PBXVariantGroup section */

/* Begin XCBuildConfiguration section */
		493744291DB1C1F700E49E4E /* Debug */ = {
			isa = XCBuildConfiguration;
			buildSettings = {
				ALWAYS_SEARCH_USER_PATHS = NO;
				CLANG_ANALYZER_NONNULL = YES;
				CLANG_CXX_LANGUAGE_STANDARD = "gnu++0x";
				CLANG_CXX_LIBRARY = "libc++";
				CLANG_ENABLE_MODULES = YES;
				CLANG_ENABLE_OBJC_ARC = YES;
				CLANG_WARN_BOOL_CONVERSION = YES;
				CLANG_WARN_CONSTANT_CONVERSION = YES;
				CLANG_WARN_DIRECT_OBJC_ISA_USAGE = YES_ERROR;
				CLANG_WARN_DOCUMENTATION_COMMENTS = YES;
				CLANG_WARN_EMPTY_BODY = YES;
				CLANG_WARN_ENUM_CONVERSION = YES;
				CLANG_WARN_INFINITE_RECURSION = YES;
				CLANG_WARN_INT_CONVERSION = YES;
				CLANG_WARN_OBJC_ROOT_CLASS = YES_ERROR;
				CLANG_WARN_SUSPICIOUS_MOVES = YES;
				CLANG_WARN_UNREACHABLE_CODE = YES;
				CLANG_WARN__DUPLICATE_METHOD_MATCH = YES;
				"CODE_SIGN_IDENTITY[sdk=iphoneos*]" = "iPhone Developer";
				COPY_PHASE_STRIP = NO;
				DEBUG_INFORMATION_FORMAT = dwarf;
				ENABLE_STRICT_OBJC_MSGSEND = YES;
				ENABLE_TESTABILITY = YES;
				GCC_C_LANGUAGE_STANDARD = gnu99;
				GCC_DYNAMIC_NO_PIC = NO;
				GCC_NO_COMMON_BLOCKS = YES;
				GCC_OPTIMIZATION_LEVEL = 0;
				GCC_PREPROCESSOR_DEFINITIONS = (
					"DEBUG=1",
					"$(inherited)",
				);
				GCC_WARN_64_TO_32_BIT_CONVERSION = YES;
				GCC_WARN_ABOUT_RETURN_TYPE = YES_ERROR;
				GCC_WARN_UNDECLARED_SELECTOR = YES;
				GCC_WARN_UNINITIALIZED_AUTOS = YES_AGGRESSIVE;
				GCC_WARN_UNUSED_FUNCTION = YES;
				GCC_WARN_UNUSED_VARIABLE = YES;
				IPHONEOS_DEPLOYMENT_TARGET = 10.0;
				MTL_ENABLE_DEBUG_INFO = YES;
				ONLY_ACTIVE_ARCH = YES;
				SDKROOT = iphoneos;
			};
			name = Debug;
		};
		4937442A1DB1C1F700E49E4E /* Release */ = {
			isa = XCBuildConfiguration;
			buildSettings = {
				ALWAYS_SEARCH_USER_PATHS = NO;
				CLANG_ANALYZER_NONNULL = YES;
				CLANG_CXX_LANGUAGE_STANDARD = "gnu++0x";
				CLANG_CXX_LIBRARY = "libc++";
				CLANG_ENABLE_MODULES = YES;
				CLANG_ENABLE_OBJC_ARC = YES;
				CLANG_WARN_BOOL_CONVERSION = YES;
				CLANG_WARN_CONSTANT_CONVERSION = YES;
				CLANG_WARN_DIRECT_OBJC_ISA_USAGE = YES_ERROR;
				CLANG_WARN_DOCUMENTATION_COMMENTS = YES;
				CLANG_WARN_EMPTY_BODY = YES;
				CLANG_WARN_ENUM_CONVERSION = YES;
				CLANG_WARN_INFINITE_RECURSION = YES;
				CLANG_WARN_INT_CONVERSION = YES;
				CLANG_WARN_OBJC_ROOT_CLASS = YES_ERROR;
				CLANG_WARN_SUSPICIOUS_MOVES = YES;
				CLANG_WARN_UNREACHABLE_CODE = YES;
				CLANG_WARN__DUPLICATE_METHOD_MATCH = YES;
				"CODE_SIGN_IDENTITY[sdk=iphoneos*]" = "iPhone Developer";
				COPY_PHASE_STRIP = NO;
				DEBUG_INFORMATION_FORMAT = "dwarf-with-dsym";
				ENABLE_NS_ASSERTIONS = NO;
				ENABLE_STRICT_OBJC_MSGSEND = YES;
				GCC_C_LANGUAGE_STANDARD = gnu99;
				GCC_NO_COMMON_BLOCKS = YES;
				GCC_WARN_64_TO_32_BIT_CONVERSION = YES;
				GCC_WARN_ABOUT_RETURN_TYPE = YES_ERROR;
				GCC_WARN_UNDECLARED_SELECTOR = YES;
				GCC_WARN_UNINITIALIZED_AUTOS = YES_AGGRESSIVE;
				GCC_WARN_UNUSED_FUNCTION = YES;
				GCC_WARN_UNUSED_VARIABLE = YES;
				IPHONEOS_DEPLOYMENT_TARGET = 10.0;
				MTL_ENABLE_DEBUG_INFO = NO;
				SDKROOT = iphoneos;
				VALIDATE_PRODUCT = YES;
			};
			name = Release;
		};
		4937442C1DB1C1F700E49E4E /* Debug */ = {
			isa = XCBuildConfiguration;
			buildSettings = {
				ASSETCATALOG_COMPILER_APPICON_NAME = AppIcon;
				DEVELOPMENT_TEAM = YLLJA83YGF;
				INFOPLIST_FILE = "微重邮/SupportingFiles/WCYInfo.plist";
				LD_RUNPATH_SEARCH_PATHS = "$(inherited) @executable_path/Frameworks";
				PRODUCT_BUNDLE_IDENTIFIER = wakeen.ios.org.weCQUPT;
				PRODUCT_NAME = "$(TARGET_NAME)";
			};
			name = Debug;
		};
		4937442D1DB1C1F700E49E4E /* Release */ = {
			isa = XCBuildConfiguration;
			buildSettings = {
				ASSETCATALOG_COMPILER_APPICON_NAME = AppIcon;
				DEVELOPMENT_TEAM = YLLJA83YGF;
				INFOPLIST_FILE = "微重邮/SupportingFiles/WCYInfo.plist";
				LD_RUNPATH_SEARCH_PATHS = "$(inherited) @executable_path/Frameworks";
				PRODUCT_BUNDLE_IDENTIFIER = wakeen.ios.org.weCQUPT;
				PRODUCT_NAME = "$(TARGET_NAME)";
			};
			name = Release;
		};
/* End XCBuildConfiguration section */

/* Begin XCConfigurationList section */
		4937440F1DB1C1F700E49E4E /* Build configuration list for PBXProject "微重邮" */ = {
			isa = XCConfigurationList;
			buildConfigurations = (
				493744291DB1C1F700E49E4E /* Debug */,
				4937442A1DB1C1F700E49E4E /* Release */,
			);
			defaultConfigurationIsVisible = 0;
			defaultConfigurationName = Release;
		};
		4937442B1DB1C1F700E49E4E /* Build configuration list for PBXNativeTarget "微重邮" */ = {
			isa = XCConfigurationList;
			buildConfigurations = (
				4937442C1DB1C1F700E49E4E /* Debug */,
				4937442D1DB1C1F700E49E4E /* Release */,
			);
			defaultConfigurationIsVisible = 0;
			defaultConfigurationName = Release;
		};
/* End XCConfigurationList section */
	};
	rootObject = 4937440C1DB1C1F700E49E4E /* Project object */;
}
