<?xml version="1.0" encoding="UTF-8"?>
<Scheme
   LastUpgradeVersion = "0810"
   wasCreatedForAppExtension = "YES"
   version = "2.0">
   <BuildAction
      parallelizeBuildables = "YES"
      buildImplicitDependencies = "YES">
      <BuildActionEntries>
         <BuildActionEntry
            buildForTesting = "YES"
            buildForRunning = "YES"
            buildForProfiling = "YES"
            buildForArchiving = "YES"
            buildForAnalyzing = "YES">
            <BuildableReference
               BuildableIdentifier = "primary"
               BlueprintIdentifier = "498D31141DE5717800C30828"
               BuildableName = "share.appex"
               BlueprintName = "share"
               ReferencedContainer = "container:&#x5728;&#x91cd;&#x90ae;.xcodeproj">
            </BuildableReference>
         </BuildActionEntry>
         <BuildActionEntry
            buildForTesting = "YES"
            buildForRunning = "YES"
            buildForProfiling = "YES"
            buildForArchiving = "YES"
            buildForAnalyzing = "YES">
            <BuildableReference
               BuildableIdentifier = "primary"
               BlueprintIdentifier = "493744131DB1C1F700E49E4E"
               BuildableName = "&#x5728;&#x91cd;&#x90ae;.app"
               BlueprintName = "&#x5728;&#x91cd;&#x90ae;"
               ReferencedContainer = "container:&#x5728;&#x91cd;&#x90ae;.xcodeproj">
            </BuildableReference>
         </BuildActionEntry>
      </BuildActionEntries>
   </BuildAction>
   <TestAction
      buildConfiguration = "Debug"
      selectedDebuggerIdentifier = "Xcode.DebuggerFoundation.Debugger.LLDB"
      selectedLauncherIdentifier = "Xcode.DebuggerFoundation.Launcher.LLDB"
      shouldUseLaunchSchemeArgsEnv = "YES">
      <Testables>
      </Testables>
      <MacroExpansion>
         <BuildableReference
            BuildableIdentifier = "primary"
            BlueprintIdentifier = "498D31141DE5717800C30828"
            BuildableName = "share.appex"
            BlueprintName = "share"
            ReferencedContainer = "container:&#x5728;&#x91cd;&#x90ae;.xcodeproj">
         </BuildableReference>
      </MacroExpansion>
      <AdditionalOptions>
      </AdditionalOptions>
   </TestAction>
   <LaunchAction
      buildConfiguration = "Debug"
      selectedDebuggerIdentifier = ""
      selectedLauncherIdentifier = "Xcode.IDEFoundation.Launcher.PosixSpawn"
      launchStyle = "0"
      useCustomWorkingDirectory = "NO"
      ignoresPersistentStateOnLaunch = "NO"
      debugDocumentVersioning = "YES"
      debugServiceExtension = "internal"
      allowLocationSimulation = "YES"
      launchAutomaticallySubstyle = "2">
      <RemoteRunnable
         runnableDebuggingMode = "1"
         BundleIdentifier = "wakeen.ios.org.INCQUPT"
         RemotePath = "/Users/zhouweikang/Library/Developer/CoreSimulator/Devices/F610BDA3-A32A-43CB-8593-B3404D113E82/data/Containers/Bundle/Application/27CBED47-CEF7-41DF-88E5-BE1961634A5D/&#x5728;&#x91cd;&#x90ae;.app">
      </RemoteRunnable>
      <MacroExpansion>
         <BuildableReference
            BuildableIdentifier = "primary"
            BlueprintIdentifier = "493744131DB1C1F700E49E4E"
            BuildableName = "&#x5728;&#x91cd;&#x90ae;.app"
            BlueprintName = "&#x5728;&#x91cd;&#x90ae;"
            ReferencedContainer = "container:&#x5728;&#x91cd;&#x90ae;.xcodeproj">
         </BuildableReference>
      </MacroExpansion>
      <AdditionalOptions>
      </AdditionalOptions>
   </LaunchAction>
   <ProfileAction
      buildConfiguration = "Release"
      shouldUseLaunchSchemeArgsEnv = "YES"
      savedToolIdentifier = ""
      useCustomWorkingDirectory = "NO"
      debugDocumentVersioning = "YES"
      launchAutomaticallySubstyle = "2">
      <BuildableProductRunnable
         runnableDebuggingMode = "0">
         <BuildableReference
            BuildableIdentifier = "primary"
            BlueprintIdentifier = "493744131DB1C1F700E49E4E"
            BuildableName = "&#x5728;&#x91cd;&#x90ae;.app"
            BlueprintName = "&#x5728;&#x91cd;&#x90ae;"
            ReferencedContainer = "container:&#x5728;&#x91cd;&#x90ae;.xcodeproj">
         </BuildableReference>
      </BuildableProductRunnable>
   </ProfileAction>
   <AnalyzeAction
      buildConfiguration = "Debug">
   </AnalyzeAction>
   <ArchiveAction
      buildConfiguration = "Release"
      revealArchiveInOrganizer = "YES">
   </ArchiveAction>
</Scheme>
